
Microsoft Visual Studio Solution File, Format Version 12.00
# Visual Studio Version 17
VisualStudioVersion = 17.2.32630.192
MinimumVisualStudioVersion = 10.0.40219.1
Project("{9A19103F-16F7-4668-BE54-9A1E7A4F7556}") = "Les1", "Les1\Les1.csproj", "{D57F74FC-F212-4E3E-98B4-972E73D963AD}"
EndProject
Project("{9A19103F-16F7-4668-BE54-9A1E7A4F7556}") = "Messaging", "Messaging\Messaging.csproj", "{D034C367-DA7F-45DE-B394-B452699F61D9}"
EndProject
Project("{9A19103F-16F7-4668-BE54-9A1E7A4F7556}") = "Restaraunt.Booking", "Restaraunt.Booking\Restaraunt.Booking.csproj", "{7B307496-C1E3-4D78-9382-947F13CEB026}"
EndProject
Project("{9A19103F-16F7-4668-BE54-9A1E7A4F7556}") = "Restourant.Notifications", "Restourant.Notifications\Restourant.Notifications.csproj", "{9245750F-0D47-4EEB-AD9D-76693BCB2E04}"
EndProject
Project("{9A19103F-16F7-4668-BE54-9A1E7A4F7556}") = "SettingRabbit", "SettingRabbit\SettingRabbit.csproj", "{C1AF33CB-AC1E-421F-839A-F2CF32BBFC6E}"
EndProject
Project("{9A19103F-16F7-4668-BE54-9A1E7A4F7556}") = "Restourant.Notifications_V2", "Restourant.Notifications_V2\Restourant.Notifications_V2.csproj", "{9B33BEB7-F0AA-4009-9D68-70C77F9149D7}"
EndProject
Project("{2150E333-8FDC-42A3-9474-1A3956D46DE8}") = "Les3", "Les3", "{E467AD27-4C4D-4D67-9210-BB6F64F5D7FD}"
EndProject
Project("{9A19103F-16F7-4668-BE54-9A1E7A4F7556}") = "Restaurant.Booking", "Les3\Restaraunt.Booking\Restaurant.Booking.csproj", "{A2D2CF53-5D10-4D6E-9E49-0EF192ADDD37}"
EndProject
Project("{9A19103F-16F7-4668-BE54-9A1E7A4F7556}") = "Restaurant.Kitchen", "Les3\Restaurant.Kitchen\Restaurant.Kitchen.csproj", "{CB130366-CE4B-4FC5-9396-9798B555647F}"
EndProject
Project("{9A19103F-16F7-4668-BE54-9A1E7A4F7556}") = "Restaurant.Messages", "Les3\Restaurant.Messages\Restaurant.Messages.csproj", "{CC23EB37-379E-428F-8EF0-9AAF8B20F9AA}"
EndProject
Project("{9A19103F-16F7-4668-BE54-9A1E7A4F7556}") = "Restaurant.Notification", "Les3\Restaurant.Notification\Restaurant.Notification.csproj", "{4AF37D5E-8287-4AE7-9DB5-C5C0361FAA29}"
EndProject
Global
	GlobalSection(SolutionConfigurationPlatforms) = preSolution
		Debug|Any CPU = Debug|Any CPU
		Release|Any CPU = Release|Any CPU
	EndGlobalSection
	GlobalSection(ProjectConfigurationPlatforms) = postSolution
		{D57F74FC-F212-4E3E-98B4-972E73D963AD}.Debug|Any CPU.ActiveCfg = Debug|Any CPU
		{D57F74FC-F212-4E3E-98B4-972E73D963AD}.Debug|Any CPU.Build.0 = Debug|Any CPU
		{D57F74FC-F212-4E3E-98B4-972E73D963AD}.Release|Any CPU.ActiveCfg = Release|Any CPU
		{D57F74FC-F212-4E3E-98B4-972E73D963AD}.Release|Any CPU.Build.0 = Release|Any CPU
		{D034C367-DA7F-45DE-B394-B452699F61D9}.Debug|Any CPU.ActiveCfg = Debug|Any CPU
		{D034C367-DA7F-45DE-B394-B452699F61D9}.Debug|Any CPU.Build.0 = Debug|Any CPU
		{D034C367-DA7F-45DE-B394-B452699F61D9}.Release|Any CPU.ActiveCfg = Release|Any CPU
		{D034C367-DA7F-45DE-B394-B452699F61D9}.Release|Any CPU.Build.0 = Release|Any CPU
		{7B307496-C1E3-4D78-9382-947F13CEB026}.Debug|Any CPU.ActiveCfg = Debug|Any CPU
		{7B307496-C1E3-4D78-9382-947F13CEB026}.Debug|Any CPU.Build.0 = Debug|Any CPU
		{7B307496-C1E3-4D78-9382-947F13CEB026}.Release|Any CPU.ActiveCfg = Release|Any CPU
		{7B307496-C1E3-4D78-9382-947F13CEB026}.Release|Any CPU.Build.0 = Release|Any CPU
		{9245750F-0D47-4EEB-AD9D-76693BCB2E04}.Debug|Any CPU.ActiveCfg = Debug|Any CPU
		{9245750F-0D47-4EEB-AD9D-76693BCB2E04}.Debug|Any CPU.Build.0 = Debug|Any CPU
		{9245750F-0D47-4EEB-AD9D-76693BCB2E04}.Release|Any CPU.ActiveCfg = Release|Any CPU
		{9245750F-0D47-4EEB-AD9D-76693BCB2E04}.Release|Any CPU.Build.0 = Release|Any CPU
		{C1AF33CB-AC1E-421F-839A-F2CF32BBFC6E}.Debug|Any CPU.ActiveCfg = Debug|Any CPU
		{C1AF33CB-AC1E-421F-839A-F2CF32BBFC6E}.Debug|Any CPU.Build.0 = Debug|Any CPU
		{C1AF33CB-AC1E-421F-839A-F2CF32BBFC6E}.Release|Any CPU.ActiveCfg = Release|Any CPU
		{C1AF33CB-AC1E-421F-839A-F2CF32BBFC6E}.Release|Any CPU.Build.0 = Release|Any CPU
		{9B33BEB7-F0AA-4009-9D68-70C77F9149D7}.Debug|Any CPU.ActiveCfg = Debug|Any CPU
		{9B33BEB7-F0AA-4009-9D68-70C77F9149D7}.Debug|Any CPU.Build.0 = Debug|Any CPU
		{9B33BEB7-F0AA-4009-9D68-70C77F9149D7}.Release|Any CPU.ActiveCfg = Release|Any CPU
		{9B33BEB7-F0AA-4009-9D68-70C77F9149D7}.Release|Any CPU.Build.0 = Release|Any CPU
		{A2D2CF53-5D10-4D6E-9E49-0EF192ADDD37}.Debug|Any CPU.ActiveCfg = Debug|Any CPU
		{A2D2CF53-5D10-4D6E-9E49-0EF192ADDD37}.Debug|Any CPU.Build.0 = Debug|Any CPU
		{A2D2CF53-5D10-4D6E-9E49-0EF192ADDD37}.Release|Any CPU.ActiveCfg = Release|Any CPU
		{A2D2CF53-5D10-4D6E-9E49-0EF192ADDD37}.Release|Any CPU.Build.0 = Release|Any CPU
		{CB130366-CE4B-4FC5-9396-9798B555647F}.Debug|Any CPU.ActiveCfg = Debug|Any CPU
		{CB130366-CE4B-4FC5-9396-9798B555647F}.Debug|Any CPU.Build.0 = Debug|Any CPU
		{CB130366-CE4B-4FC5-9396-9798B555647F}.Release|Any CPU.ActiveCfg = Release|Any CPU
		{CB130366-CE4B-4FC5-9396-9798B555647F}.Release|Any CPU.Build.0 = Release|Any CPU
		{CC23EB37-379E-428F-8EF0-9AAF8B20F9AA}.Debug|Any CPU.ActiveCfg = Debug|Any CPU
		{CC23EB37-379E-428F-8EF0-9AAF8B20F9AA}.Debug|Any CPU.Build.0 = Debug|Any CPU
		{CC23EB37-379E-428F-8EF0-9AAF8B20F9AA}.Release|Any CPU.ActiveCfg = Release|Any CPU
		{CC23EB37-379E-428F-8EF0-9AAF8B20F9AA}.Release|Any CPU.Build.0 = Release|Any CPU
		{4AF37D5E-8287-4AE7-9DB5-C5C0361FAA29}.Debug|Any CPU.ActiveCfg = Debug|Any CPU
		{4AF37D5E-8287-4AE7-9DB5-C5C0361FAA29}.Debug|Any CPU.Build.0 = Debug|Any CPU
		{4AF37D5E-8287-4AE7-9DB5-C5C0361FAA29}.Release|Any CPU.ActiveCfg = Release|Any CPU
		{4AF37D5E-8287-4AE7-9DB5-C5C0361FAA29}.Release|Any CPU.Build.0 = Release|Any CPU
	EndGlobalSection
	GlobalSection(SolutionProperties) = preSolution
		HideSolutionNode = FALSE
	EndGlobalSection
	GlobalSection(NestedProjects) = preSolution
		{A2D2CF53-5D10-4D6E-9E49-0EF192ADDD37} = {E467AD27-4C4D-4D67-9210-BB6F64F5D7FD}
		{CB130366-CE4B-4FC5-9396-9798B555647F} = {E467AD27-4C4D-4D67-9210-BB6F64F5D7FD}
		{CC23EB37-379E-428F-8EF0-9AAF8B20F9AA} = {E467AD27-4C4D-4D67-9210-BB6F64F5D7FD}
		{4AF37D5E-8287-4AE7-9DB5-C5C0361FAA29} = {E467AD27-4C4D-4D67-9210-BB6F64F5D7FD}
	EndGlobalSection
	GlobalSection(ExtensibilityGlobals) = postSolution
		SolutionGuid = {34885081-56A2-4878-97FE-60A5DB374729}
	EndGlobalSection
EndGlobal
