
Microsoft Visual Studio Solution File, Format Version 12.00
# Visual Studio Version 17
VisualStudioVersion = 17.2.32630.192
MinimumVisualStudioVersion = 10.0.40219.1
Project("{FAE04EC0-301F-11D3-BF4B-00C04F79EFBC}") = "Les1", "Les1\Les1.csproj", "{D57F74FC-F212-4E3E-98B4-972E73D963AD}"
EndProject
Global
	GlobalSection(SolutionConfigurationPlatforms) = preSolution
		Debug|Any CPU = Debug|Any CPU
		Release|Any CPU = Release|Any CPU
	EndGlobalSection
	GlobalSection(ProjectConfigurationPlatforms) = postSolution
		{D57F74FC-F212-4E3E-98B4-972E73D963AD}.Debug|Any CPU.ActiveCfg = Debug|Any CPU
		{D57F74FC-F212-4E3E-98B4-972E73D963AD}.Debug|Any CPU.Build.0 = Debug|Any CPU
		{D57F74FC-F212-4E3E-98B4-972E73D963AD}.Release|Any CPU.ActiveCfg = Release|Any CPU
		{D57F74FC-F212-4E3E-98B4-972E73D963AD}.Release|Any CPU.Build.0 = Release|Any CPU
	EndGlobalSection
	GlobalSection(SolutionProperties) = preSolution
		HideSolutionNode = FALSE
	EndGlobalSection
	GlobalSection(ExtensibilityGlobals) = postSolution
		SolutionGuid = {34885081-56A2-4878-97FE-60A5DB374729}
	EndGlobalSection
EndGlobal
